
Microsoft Visual Studio Solution File, Format Version 11.00
# Visual Studio 2010
Project("{FAE04EC0-301F-11D3-BF4B-00C04F79EFBC}") = "ImplierCmd", "ImplierCmd\ImplierCmd.csproj", "{C785557C-386B-4831-B8B5-ABF72CBAA97E}"
EndProject
Project("{F2A71F9B-5D33-465A-A702-920D77279786}") = "ImplierAlgorithm", "ImplierAlgorithm\ImplierAlgorithm.fsproj", "{0BBD2A5B-7AA5-43A0-989B-B6EA7F897F0A}"
EndProject
Global
	GlobalSection(SolutionConfigurationPlatforms) = preSolution
		Debug|x86 = Debug|x86
		Release|x86 = Release|x86
	EndGlobalSection
	GlobalSection(ProjectConfigurationPlatforms) = postSolution
		{C785557C-386B-4831-B8B5-ABF72CBAA97E}.Debug|x86.ActiveCfg = Debug|x86
		{C785557C-386B-4831-B8B5-ABF72CBAA97E}.Debug|x86.Build.0 = Debug|x86
		{C785557C-386B-4831-B8B5-ABF72CBAA97E}.Release|x86.ActiveCfg = Release|x86
		{C785557C-386B-4831-B8B5-ABF72CBAA97E}.Release|x86.Build.0 = Release|x86
		{0BBD2A5B-7AA5-43A0-989B-B6EA7F897F0A}.Debug|x86.ActiveCfg = Debug|x86
		{0BBD2A5B-7AA5-43A0-989B-B6EA7F897F0A}.Debug|x86.Build.0 = Debug|x86
		{0BBD2A5B-7AA5-43A0-989B-B6EA7F897F0A}.Release|x86.ActiveCfg = Release|x86
		{0BBD2A5B-7AA5-43A0-989B-B6EA7F897F0A}.Release|x86.Build.0 = Release|x86
	EndGlobalSection
	GlobalSection(SolutionProperties) = preSolution
		HideSolutionNode = FALSE
	EndGlobalSection
EndGlobal
